
Microsoft Visual Studio Solution File, Format Version 12.00
# Visual Studio Version 18
VisualStudioVersion = 18.0.11205.157 d18.0
MinimumVisualStudioVersion = 10.0.40219.1
Project("{FAE04EC0-301F-11D3-BF4B-00C04F79EFBC}") = "QuanLyBanHang", "QuanLyBanHang.csproj", "{23D8DF3B-743C-43AF-AB5B-B267BF34BD43}"
EndProject
Global
	GlobalSection(SolutionConfigurationPlatforms) = preSolution
		Debug|Any CPU = Debug|Any CPU
		Release|Any CPU = Release|Any CPU
	EndGlobalSection
	GlobalSection(ProjectConfigurationPlatforms) = postSolution
		{23D8DF3B-743C-43AF-AB5B-B267BF34BD43}.Debug|Any CPU.ActiveCfg = Debug|Any CPU
		{23D8DF3B-743C-43AF-AB5B-B267BF34BD43}.Debug|Any CPU.Build.0 = Debug|Any CPU
		{23D8DF3B-743C-43AF-AB5B-B267BF34BD43}.Release|Any CPU.ActiveCfg = Release|Any CPU
		{23D8DF3B-743C-43AF-AB5B-B267BF34BD43}.Release|Any CPU.Build.0 = Release|Any CPU
	EndGlobalSection
	GlobalSection(SolutionProperties) = preSolution
		HideSolutionNode = FALSE
	EndGlobalSection
	GlobalSection(ExtensibilityGlobals) = postSolution
		SolutionGuid = {1C5B677A-4EFF-4915-96F8-445021D86036}
	EndGlobalSection
EndGlobal
